
Microsoft Visual Studio Solution File, Format Version 12.00
# Visual Studio Version 17
VisualStudioVersion = 17.11.35312.102
MinimumVisualStudioVersion = 10.0.40219.1
Project("{8BC9CEB8-8B4A-11D0-8D11-00A0C91BC942}") = "OOP_labwork2", "OOP_labwork2.vcxproj", "{A612634D-7262-4ABE-A909-21141043C150}"
EndProject
Global
	GlobalSection(SolutionConfigurationPlatforms) = preSolution
		Debug|x64 = Debug|x64
		Debug|x86 = Debug|x86
		Release|x64 = Release|x64
		Release|x86 = Release|x86
	EndGlobalSection
	GlobalSection(ProjectConfigurationPlatforms) = postSolution
		{A612634D-7262-4ABE-A909-21141043C150}.Debug|x64.ActiveCfg = Debug|x64
		{A612634D-7262-4ABE-A909-21141043C150}.Debug|x64.Build.0 = Debug|x64
		{A612634D-7262-4ABE-A909-21141043C150}.Debug|x86.ActiveCfg = Debug|Win32
		{A612634D-7262-4ABE-A909-21141043C150}.Debug|x86.Build.0 = Debug|Win32
		{A612634D-7262-4ABE-A909-21141043C150}.Release|x64.ActiveCfg = Release|x64
		{A612634D-7262-4ABE-A909-21141043C150}.Release|x64.Build.0 = Release|x64
		{A612634D-7262-4ABE-A909-21141043C150}.Release|x86.ActiveCfg = Release|Win32
		{A612634D-7262-4ABE-A909-21141043C150}.Release|x86.Build.0 = Release|Win32
	EndGlobalSection
	GlobalSection(SolutionProperties) = preSolution
		HideSolutionNode = FALSE
	EndGlobalSection
	GlobalSection(ExtensibilityGlobals) = postSolution
		SolutionGuid = {07748290-5E0C-42B0-84C0-A793E060FF9F}
	EndGlobalSection
EndGlobal
